
Microsoft Visual Studio Solution File, Format Version 12.00
# Visual Studio 14
VisualStudioVersion = 14.0.23107.0
MinimumVisualStudioVersion = 10.0.40219.1
Project("{2150E333-8FDC-42A3-9474-1A3956D46DE8}") = "Initialization", "Initialization", "{83998A17-2721-4A61-B2BB-93385DDC797E}"
EndProject
Project("{FAE04EC0-301F-11D3-BF4B-00C04F79EFBC}") = "Initialization_43", "Initialization_43\Initialization_43.csproj", "{559855EB-F717-4085-A970-B4E41549845B}"
EndProject
Project("{FAE04EC0-301F-11D3-BF4B-00C04F79EFBC}") = "Initialization_44", "Initialization_44\Initialization_44.csproj", "{AF4C4022-C2BB-4BDA-BF3E-93E91614F218}"
EndProject
Project("{2150E333-8FDC-42A3-9474-1A3956D46DE8}") = "SMS", "SMS", "{1AA9B907-EF8C-4ABC-A954-7F13D34E638F}"
EndProject
Project("{FAE04EC0-301F-11D3-BF4B-00C04F79EFBC}") = "SMS_Send_Receive_43", "SMS_Send_Receive_43\SMS_Send_Receive_43.csproj", "{7A6E338A-0181-40A6-BEDC-9BD11A0BD78A}"
EndProject
Project("{FAE04EC0-301F-11D3-BF4B-00C04F79EFBC}") = "SMS_Send_Receive_44", "SMS_Send_Receive_44\SMS_Send_Receive_44.csproj", "{DA4BADE2-829C-48A1-8A6D-90A3AA338943}"
EndProject
Project("{FAE04EC0-301F-11D3-BF4B-00C04F79EFBC}") = "SMS_List_Messages_43", "SMS_List_Messages_43\SMS_List_Messages_43.csproj", "{4E4A7E80-FAD8-4CAA-83EB-51857FAEFC3D}"
EndProject
Project("{FAE04EC0-301F-11D3-BF4B-00C04F79EFBC}") = "SMS_List_Messages_44", "SMS_List_Messages_44\SMS_List_Messages_44.csproj", "{C23D4064-CCF1-461F-BF02-8739057B73C4}"
EndProject
Project("{2150E333-8FDC-42A3-9474-1A3956D46DE8}") = "NTP", "NTP", "{E762A15D-DB8E-49A4-8165-1635C15BC81B}"
EndProject
Project("{FAE04EC0-301F-11D3-BF4B-00C04F79EFBC}") = "NTP_43", "NTP_43\NTP_43.csproj", "{F99A253F-BF24-4E46-8C51-52178F33AC0D}"
EndProject
Project("{FAE04EC0-301F-11D3-BF4B-00C04F79EFBC}") = "NTP_44", "NTP_44\NTP_44.csproj", "{805D7874-0198-477D-8830-062642AF4393}"
EndProject
Project("{2150E333-8FDC-42A3-9474-1A3956D46DE8}") = "HTTP Client", "HTTP Client", "{AC537880-D385-4E3E-A7F5-2D67DBCB6BE3}"
EndProject
Project("{FAE04EC0-301F-11D3-BF4B-00C04F79EFBC}") = "HTTPRequest_43", "HTTPRequest_43\HTTPRequest_43.csproj", "{984F1DD2-4B98-49D6-A656-2A75D22916B0}"
EndProject
Project("{FAE04EC0-301F-11D3-BF4B-00C04F79EFBC}") = "HTTPRequest_44", "HTTPRequest_44\HTTPRequest_44.csproj", "{9D52AE7C-24FD-45A9-BEE4-E20F5FD4543D}"
EndProject
Project("{2150E333-8FDC-42A3-9474-1A3956D46DE8}") = "Azure IoT Hub device", "Azure IoT Hub device", "{FC8BE282-73F5-4B78-BC3A-E9FA212B7D74}"
EndProject
Project("{FAE04EC0-301F-11D3-BF4B-00C04F79EFBC}") = "DeviceClient_43", "AzureIoTDeviceClient_43\DeviceClient_43.csproj", "{11FDD187-B19C-405F-8488-77ECC5C718E2}"
EndProject
Project("{FAE04EC0-301F-11D3-BF4B-00C04F79EFBC}") = "DeviceClient_44", "AzureIoTDeviceClient_44\DeviceClient_44.csproj", "{FB527B62-138C-4689-A0BE-CEA0D008E03B}"
EndProject
Global
	GlobalSection(SolutionConfigurationPlatforms) = preSolution
		Debug|Any CPU = Debug|Any CPU
		Release|Any CPU = Release|Any CPU
	EndGlobalSection
	GlobalSection(ProjectConfigurationPlatforms) = postSolution
		{559855EB-F717-4085-A970-B4E41549845B}.Debug|Any CPU.ActiveCfg = Debug|Any CPU
		{559855EB-F717-4085-A970-B4E41549845B}.Debug|Any CPU.Build.0 = Debug|Any CPU
		{559855EB-F717-4085-A970-B4E41549845B}.Debug|Any CPU.Deploy.0 = Debug|Any CPU
		{559855EB-F717-4085-A970-B4E41549845B}.Release|Any CPU.ActiveCfg = Release|Any CPU
		{559855EB-F717-4085-A970-B4E41549845B}.Release|Any CPU.Build.0 = Release|Any CPU
		{559855EB-F717-4085-A970-B4E41549845B}.Release|Any CPU.Deploy.0 = Release|Any CPU
		{AF4C4022-C2BB-4BDA-BF3E-93E91614F218}.Debug|Any CPU.ActiveCfg = Debug|Any CPU
		{AF4C4022-C2BB-4BDA-BF3E-93E91614F218}.Debug|Any CPU.Build.0 = Debug|Any CPU
		{AF4C4022-C2BB-4BDA-BF3E-93E91614F218}.Debug|Any CPU.Deploy.0 = Debug|Any CPU
		{AF4C4022-C2BB-4BDA-BF3E-93E91614F218}.Release|Any CPU.ActiveCfg = Release|Any CPU
		{AF4C4022-C2BB-4BDA-BF3E-93E91614F218}.Release|Any CPU.Build.0 = Release|Any CPU
		{AF4C4022-C2BB-4BDA-BF3E-93E91614F218}.Release|Any CPU.Deploy.0 = Release|Any CPU
		{7A6E338A-0181-40A6-BEDC-9BD11A0BD78A}.Debug|Any CPU.ActiveCfg = Debug|Any CPU
		{7A6E338A-0181-40A6-BEDC-9BD11A0BD78A}.Debug|Any CPU.Build.0 = Debug|Any CPU
		{7A6E338A-0181-40A6-BEDC-9BD11A0BD78A}.Debug|Any CPU.Deploy.0 = Debug|Any CPU
		{7A6E338A-0181-40A6-BEDC-9BD11A0BD78A}.Release|Any CPU.ActiveCfg = Release|Any CPU
		{7A6E338A-0181-40A6-BEDC-9BD11A0BD78A}.Release|Any CPU.Build.0 = Release|Any CPU
		{7A6E338A-0181-40A6-BEDC-9BD11A0BD78A}.Release|Any CPU.Deploy.0 = Release|Any CPU
		{DA4BADE2-829C-48A1-8A6D-90A3AA338943}.Debug|Any CPU.ActiveCfg = Debug|Any CPU
		{DA4BADE2-829C-48A1-8A6D-90A3AA338943}.Debug|Any CPU.Build.0 = Debug|Any CPU
		{DA4BADE2-829C-48A1-8A6D-90A3AA338943}.Debug|Any CPU.Deploy.0 = Debug|Any CPU
		{DA4BADE2-829C-48A1-8A6D-90A3AA338943}.Release|Any CPU.ActiveCfg = Release|Any CPU
		{DA4BADE2-829C-48A1-8A6D-90A3AA338943}.Release|Any CPU.Build.0 = Release|Any CPU
		{DA4BADE2-829C-48A1-8A6D-90A3AA338943}.Release|Any CPU.Deploy.0 = Release|Any CPU
		{4E4A7E80-FAD8-4CAA-83EB-51857FAEFC3D}.Debug|Any CPU.ActiveCfg = Debug|Any CPU
		{4E4A7E80-FAD8-4CAA-83EB-51857FAEFC3D}.Debug|Any CPU.Build.0 = Debug|Any CPU
		{4E4A7E80-FAD8-4CAA-83EB-51857FAEFC3D}.Debug|Any CPU.Deploy.0 = Debug|Any CPU
		{4E4A7E80-FAD8-4CAA-83EB-51857FAEFC3D}.Release|Any CPU.ActiveCfg = Release|Any CPU
		{4E4A7E80-FAD8-4CAA-83EB-51857FAEFC3D}.Release|Any CPU.Build.0 = Release|Any CPU
		{4E4A7E80-FAD8-4CAA-83EB-51857FAEFC3D}.Release|Any CPU.Deploy.0 = Release|Any CPU
		{C23D4064-CCF1-461F-BF02-8739057B73C4}.Debug|Any CPU.ActiveCfg = Debug|Any CPU
		{C23D4064-CCF1-461F-BF02-8739057B73C4}.Debug|Any CPU.Build.0 = Debug|Any CPU
		{C23D4064-CCF1-461F-BF02-8739057B73C4}.Debug|Any CPU.Deploy.0 = Debug|Any CPU
		{C23D4064-CCF1-461F-BF02-8739057B73C4}.Release|Any CPU.ActiveCfg = Release|Any CPU
		{C23D4064-CCF1-461F-BF02-8739057B73C4}.Release|Any CPU.Build.0 = Release|Any CPU
		{C23D4064-CCF1-461F-BF02-8739057B73C4}.Release|Any CPU.Deploy.0 = Release|Any CPU
		{F99A253F-BF24-4E46-8C51-52178F33AC0D}.Debug|Any CPU.ActiveCfg = Debug|Any CPU
		{F99A253F-BF24-4E46-8C51-52178F33AC0D}.Debug|Any CPU.Build.0 = Debug|Any CPU
		{F99A253F-BF24-4E46-8C51-52178F33AC0D}.Debug|Any CPU.Deploy.0 = Debug|Any CPU
		{F99A253F-BF24-4E46-8C51-52178F33AC0D}.Release|Any CPU.ActiveCfg = Release|Any CPU
		{F99A253F-BF24-4E46-8C51-52178F33AC0D}.Release|Any CPU.Build.0 = Release|Any CPU
		{F99A253F-BF24-4E46-8C51-52178F33AC0D}.Release|Any CPU.Deploy.0 = Release|Any CPU
		{805D7874-0198-477D-8830-062642AF4393}.Debug|Any CPU.ActiveCfg = Debug|Any CPU
		{805D7874-0198-477D-8830-062642AF4393}.Debug|Any CPU.Build.0 = Debug|Any CPU
		{805D7874-0198-477D-8830-062642AF4393}.Debug|Any CPU.Deploy.0 = Debug|Any CPU
		{805D7874-0198-477D-8830-062642AF4393}.Release|Any CPU.ActiveCfg = Release|Any CPU
		{805D7874-0198-477D-8830-062642AF4393}.Release|Any CPU.Build.0 = Release|Any CPU
		{805D7874-0198-477D-8830-062642AF4393}.Release|Any CPU.Deploy.0 = Release|Any CPU
		{984F1DD2-4B98-49D6-A656-2A75D22916B0}.Debug|Any CPU.ActiveCfg = Debug|Any CPU
		{984F1DD2-4B98-49D6-A656-2A75D22916B0}.Debug|Any CPU.Build.0 = Debug|Any CPU
		{984F1DD2-4B98-49D6-A656-2A75D22916B0}.Debug|Any CPU.Deploy.0 = Debug|Any CPU
		{984F1DD2-4B98-49D6-A656-2A75D22916B0}.Release|Any CPU.ActiveCfg = Release|Any CPU
		{984F1DD2-4B98-49D6-A656-2A75D22916B0}.Release|Any CPU.Build.0 = Release|Any CPU
		{984F1DD2-4B98-49D6-A656-2A75D22916B0}.Release|Any CPU.Deploy.0 = Release|Any CPU
		{9D52AE7C-24FD-45A9-BEE4-E20F5FD4543D}.Debug|Any CPU.ActiveCfg = Debug|Any CPU
		{9D52AE7C-24FD-45A9-BEE4-E20F5FD4543D}.Debug|Any CPU.Build.0 = Debug|Any CPU
		{9D52AE7C-24FD-45A9-BEE4-E20F5FD4543D}.Debug|Any CPU.Deploy.0 = Debug|Any CPU
		{9D52AE7C-24FD-45A9-BEE4-E20F5FD4543D}.Release|Any CPU.ActiveCfg = Release|Any CPU
		{9D52AE7C-24FD-45A9-BEE4-E20F5FD4543D}.Release|Any CPU.Build.0 = Release|Any CPU
		{9D52AE7C-24FD-45A9-BEE4-E20F5FD4543D}.Release|Any CPU.Deploy.0 = Release|Any CPU
		{11FDD187-B19C-405F-8488-77ECC5C718E2}.Debug|Any CPU.ActiveCfg = Debug|Any CPU
		{11FDD187-B19C-405F-8488-77ECC5C718E2}.Debug|Any CPU.Build.0 = Debug|Any CPU
		{11FDD187-B19C-405F-8488-77ECC5C718E2}.Debug|Any CPU.Deploy.0 = Debug|Any CPU
		{11FDD187-B19C-405F-8488-77ECC5C718E2}.Release|Any CPU.ActiveCfg = Release|Any CPU
		{11FDD187-B19C-405F-8488-77ECC5C718E2}.Release|Any CPU.Build.0 = Release|Any CPU
		{11FDD187-B19C-405F-8488-77ECC5C718E2}.Release|Any CPU.Deploy.0 = Release|Any CPU
		{FB527B62-138C-4689-A0BE-CEA0D008E03B}.Debug|Any CPU.ActiveCfg = Debug|Any CPU
		{FB527B62-138C-4689-A0BE-CEA0D008E03B}.Debug|Any CPU.Build.0 = Debug|Any CPU
		{FB527B62-138C-4689-A0BE-CEA0D008E03B}.Debug|Any CPU.Deploy.0 = Debug|Any CPU
		{FB527B62-138C-4689-A0BE-CEA0D008E03B}.Release|Any CPU.ActiveCfg = Release|Any CPU
		{FB527B62-138C-4689-A0BE-CEA0D008E03B}.Release|Any CPU.Build.0 = Release|Any CPU
		{FB527B62-138C-4689-A0BE-CEA0D008E03B}.Release|Any CPU.Deploy.0 = Release|Any CPU
	EndGlobalSection
	GlobalSection(SolutionProperties) = preSolution
		HideSolutionNode = FALSE
	EndGlobalSection
	GlobalSection(NestedProjects) = preSolution
		{559855EB-F717-4085-A970-B4E41549845B} = {83998A17-2721-4A61-B2BB-93385DDC797E}
		{AF4C4022-C2BB-4BDA-BF3E-93E91614F218} = {83998A17-2721-4A61-B2BB-93385DDC797E}
		{7A6E338A-0181-40A6-BEDC-9BD11A0BD78A} = {1AA9B907-EF8C-4ABC-A954-7F13D34E638F}
		{DA4BADE2-829C-48A1-8A6D-90A3AA338943} = {1AA9B907-EF8C-4ABC-A954-7F13D34E638F}
		{4E4A7E80-FAD8-4CAA-83EB-51857FAEFC3D} = {1AA9B907-EF8C-4ABC-A954-7F13D34E638F}
		{C23D4064-CCF1-461F-BF02-8739057B73C4} = {1AA9B907-EF8C-4ABC-A954-7F13D34E638F}
		{F99A253F-BF24-4E46-8C51-52178F33AC0D} = {E762A15D-DB8E-49A4-8165-1635C15BC81B}
		{805D7874-0198-477D-8830-062642AF4393} = {E762A15D-DB8E-49A4-8165-1635C15BC81B}
		{984F1DD2-4B98-49D6-A656-2A75D22916B0} = {AC537880-D385-4E3E-A7F5-2D67DBCB6BE3}
		{9D52AE7C-24FD-45A9-BEE4-E20F5FD4543D} = {AC537880-D385-4E3E-A7F5-2D67DBCB6BE3}
		{11FDD187-B19C-405F-8488-77ECC5C718E2} = {FC8BE282-73F5-4B78-BC3A-E9FA212B7D74}
		{FB527B62-138C-4689-A0BE-CEA0D008E03B} = {FC8BE282-73F5-4B78-BC3A-E9FA212B7D74}
	EndGlobalSection
EndGlobal
